// !$*UTF8*$!
{
	archiveVersion = 1;
	classes = {
	};
	objectVersion = 52;
	objects = {

/* Begin PBXBuildFile section */
		3320FEBD2682E4EB001809AA /* AppDelegate.swift in Sources */ = {isa = PBXBuildFile; fileRef = 3320FEBC2682E4EB001809AA /* AppDelegate.swift */; };
		3320FEBF2682E4EB001809AA /* SceneDelegate.swift in Sources */ = {isa = PBXBuildFile; fileRef = 3320FEBE2682E4EB001809AA /* SceneDelegate.swift */; };
		3320FEC12682E4EB001809AA /* ViewController.swift in Sources */ = {isa = PBXBuildFile; fileRef = 3320FEC02682E4EB001809AA /* ViewController.swift */; };
		3320FEC42682E4EB001809AA /* Main.storyboard in Resources */ = {isa = PBXBuildFile; fileRef = 3320FEC22682E4EB001809AA /* Main.storyboard */; };
		3320FEC62682E4ED001809AA /* Assets.xcassets in Resources */ = {isa = PBXBuildFile; fileRef = 3320FEC52682E4ED001809AA /* Assets.xcassets */; };
		3320FEC92682E4ED001809AA /* LaunchScreen.storyboard in Resources */ = {isa = PBXBuildFile; fileRef = 3320FEC72682E4ED001809AA /* LaunchScreen.storyboard */; };
		3320FED92682E643001809AA /* MTGamification.podspec in Resources */ = {isa = PBXBuildFile; fileRef = 3320FED62682E642001809AA /* MTGamification.podspec */; };
		3320FEDA2682E643001809AA /* LICENSE in Resources */ = {isa = PBXBuildFile; fileRef = 3320FED72682E642001809AA /* LICENSE */; };
		3320FEDB2682E643001809AA /* README.md in Resources */ = {isa = PBXBuildFile; fileRef = 3320FED82682E643001809AA /* README.md */; };
		337E17A3269D58AF00C14135 /* MTGamification.xcframework in Frameworks */ = {isa = PBXBuildFile; fileRef = 337E17A2269D58AF00C14135 /* MTGamification.xcframework */; };
/* End PBXBuildFile section */

/* Begin PBXFileReference section */
		3320FEB92682E4EB001809AA /* MTGamificationF.app */ = {isa = PBXFileReference; explicitFileType = wrapper.application; includeInIndex = 0; path = MTGamificationF.app; sourceTree = BUILT_PRODUCTS_DIR; };
		3320FEBC2682E4EB001809AA /* AppDelegate.swift */ = {isa = PBXFileReference; lastKnownFileType = sourcecode.swift; path = AppDelegate.swift; sourceTree = "<group>"; };
		3320FEBE2682E4EB001809AA /* SceneDelegate.swift */ = {isa = PBXFileReference; lastKnownFileType = sourcecode.swift; path = SceneDelegate.swift; sourceTree = "<group>"; };
		3320FEC02682E4EB001809AA /* ViewController.swift */ = {isa = PBXFileReference; lastKnownFileType = sourcecode.swift; path = ViewController.swift; sourceTree = "<group>"; };
		3320FEC32682E4EB001809AA /* Base */ = {isa = PBXFileReference; lastKnownFileType = file.storyboard; name = Base; path = Base.lproj/Main.storyboard; sourceTree = "<group>"; };
		3320FEC52682E4ED001809AA /* Assets.xcassets */ = {isa = PBXFileReference; lastKnownFileType = folder.assetcatalog; path = Assets.xcassets; sourceTree = "<group>"; };
		3320FEC82682E4ED001809AA /* Base */ = {isa = PBXFileReference; lastKnownFileType = file.storyboard; name = Base; path = Base.lproj/LaunchScreen.storyboard; sourceTree = "<group>"; };
		3320FECA2682E4ED001809AA /* Info.plist */ = {isa = PBXFileReference; lastKnownFileType = text.plist.xml; path = Info.plist; sourceTree = "<group>"; };
		3320FED62682E642001809AA /* MTGamification.podspec */ = {isa = PBXFileReference; lastKnownFileType = text; path = MTGamification.podspec; sourceTree = SOURCE_ROOT; };
		3320FED72682E642001809AA /* LICENSE */ = {isa = PBXFileReference; fileEncoding = 4; lastKnownFileType = text; path = LICENSE; sourceTree = SOURCE_ROOT; };
		3320FED82682E643001809AA /* README.md */ = {isa = PBXFileReference; fileEncoding = 4; lastKnownFileType = net.daringfireball.markdown; path = README.md; sourceTree = SOURCE_ROOT; };
		337E17A2269D58AF00C14135 /* MTGamification.xcframework */ = {isa = PBXFileReference; lastKnownFileType = wrapper.xcframework; path = MTGamification.xcframework; sourceTree = SOURCE_ROOT; };
/* End PBXFileReference section */

/* Begin PBXFrameworksBuildPhase section */
		3320FEB62682E4EB001809AA /* Frameworks */ = {
			isa = PBXFrameworksBuildPhase;
			buildActionMask = 2147483647;
			files = (
				337E17A3269D58AF00C14135 /* MTGamification.xcframework in Frameworks */,
			);
			runOnlyForDeploymentPostprocessing = 0;
		};
/* End PBXFrameworksBuildPhase section */

/* Begin PBXGroup section */
		3320FEB02682E4EB001809AA = {
			isa = PBXGroup;
			children = (
				3320FEBB2682E4EB001809AA /* MTGamificationF */,
				3320FEBA2682E4EB001809AA /* Products */,
			);
			sourceTree = "<group>";
		};
		3320FEBA2682E4EB001809AA /* Products */ = {
			isa = PBXGroup;
			children = (
				3320FEB92682E4EB001809AA /* MTGamificationF.app */,
			);
			name = Products;
			sourceTree = "<group>";
		};
		3320FEBB2682E4EB001809AA /* MTGamificationF */ = {
			isa = PBXGroup;
			children = (
				337E17A2269D58AF00C14135 /* MTGamification.xcframework */,
				3320FED72682E642001809AA /* LICENSE */,
				3320FED62682E642001809AA /* MTGamification.podspec */,
				3320FED82682E643001809AA /* README.md */,
				3320FEBC2682E4EB001809AA /* AppDelegate.swift */,
				3320FEBE2682E4EB001809AA /* SceneDelegate.swift */,
				3320FEC02682E4EB001809AA /* ViewController.swift */,
				3320FEC22682E4EB001809AA /* Main.storyboard */,
				3320FEC52682E4ED001809AA /* Assets.xcassets */,
				3320FEC72682E4ED001809AA /* LaunchScreen.storyboard */,
				3320FECA2682E4ED001809AA /* Info.plist */,
			);
			path = MTGamificationF;
			sourceTree = "<group>";
		};
/* End PBXGroup section */

/* Begin PBXNativeTarget section */
		3320FEB82682E4EB001809AA /* MTGamificationF */ = {
			isa = PBXNativeTarget;
			buildConfigurationList = 3320FECD2682E4ED001809AA /* Build configuration list for PBXNativeTarget "MTGamificationF" */;
			buildPhases = (
				3320FEB52682E4EB001809AA /* Sources */,
				3320FEB62682E4EB001809AA /* Frameworks */,
				3320FEB72682E4EB001809AA /* Resources */,
			);
			buildRules = (
			);
			dependencies = (
			);
			name = MTGamificationF;
			productName = MTGamificationF;
			productReference = 3320FEB92682E4EB001809AA /* MTGamificationF.app */;
			productType = "com.apple.product-type.application";
		};
/* End PBXNativeTarget section */

/* Begin PBXProject section */
		3320FEB12682E4EB001809AA /* Project object */ = {
			isa = PBXProject;
			attributes = {
				LastSwiftUpdateCheck = 1230;
				LastUpgradeCheck = 1230;
				TargetAttributes = {
					3320FEB82682E4EB001809AA = {
						CreatedOnToolsVersion = 12.3;
					};
				};
			};
			buildConfigurationList = 3320FEB42682E4EB001809AA /* Build configuration list for PBXProject "MTGamificationF" */;
			compatibilityVersion = "Xcode 9.3";
			developmentRegion = en;
			hasScannedForEncodings = 0;
			knownRegions = (
				en,
				Base,
			);
			mainGroup = 3320FEB02682E4EB001809AA;
			productRefGroup = 3320FEBA2682E4EB001809AA /* Products */;
			projectDirPath = "";
			projectRoot = "";
			targets = (
				3320FEB82682E4EB001809AA /* MTGamificationF */,
			);
		};
/* End PBXProject section */

/* Begin PBXResourcesBuildPhase section */
		3320FEB72682E4EB001809AA /* Resources */ = {
			isa = PBXResourcesBuildPhase;
			buildActionMask = 2147483647;
			files = (
				3320FEDB2682E643001809AA /* README.md in Resources */,
				3320FEC92682E4ED001809AA /* LaunchScreen.storyboard in Resources */,
				3320FEC62682E4ED001809AA /* Assets.xcassets in Resources */,
				3320FED92682E643001809AA /* MTGamification.podspec in Resources */,
				3320FEC42682E4EB001809AA /* Main.storyboard in Resources */,
				3320FEDA2682E643001809AA /* LICENSE in Resources */,
			);
			runOnlyForDeploymentPostprocessing = 0;
		};
/* End PBXResourcesBuildPhase section */

/* Begin PBXSourcesBuildPhase section */
		3320FEB52682E4EB001809AA /* Sources */ = {
			isa = PBXSourcesBuildPhase;
			buildActionMask = 2147483647;
			files = (
				3320FEC12682E4EB001809AA /* ViewController.swift in Sources */,
				3320FEBD2682E4EB001809AA /* AppDelegate.swift in Sources */,
				3320FEBF2682E4EB001809AA /* SceneDelegate.swift in Sources */,
			);
			runOnlyForDeploymentPostprocessing = 0;
		};
/* End PBXSourcesBuildPhase section */

/* Begin PBXVariantGroup section */
		3320FEC22682E4EB001809AA /* Main.storyboard */ = {
			isa = PBXVariantGroup;
			children = (
				3320FEC32682E4EB001809AA /* Base */,
			);
			name = Main.storyboard;
			sourceTree = "<group>";
		};
		3320FEC72682E4ED001809AA /* LaunchScreen.storyboard */ = {
			isa = PBXVariantGroup;
			children = (
				3320FEC82682E4ED001809AA /* Base */,
			);
			name = LaunchScreen.storyboard;
			sourceTree = "<group>";
		};
/* End PBXVariantGroup section */

/* Begin XCBuildConfiguration section */
		3320FECB2682E4ED001809AA /* Debug */ = {
			isa = XCBuildConfiguration;
			buildSettings = {
				ALWAYS_SEARCH_USER_PATHS = NO;
				CLANG_ANALYZER_NONNULL = YES;
				CLANG_ANALYZER_NUMBER_OBJECT_CONVERSION = YES_AGGRESSIVE;
				CLANG_CXX_LANGUAGE_STANDARD = "gnu++14";
				CLANG_CXX_LIBRARY = "libc++";
				CLANG_ENABLE_MODULES = YES;
				CLANG_ENABLE_OBJC_ARC = YES;
				CLANG_ENABLE_OBJC_WEAK = YES;
				CLANG_WARN_BLOCK_CAPTURE_AUTORELEASING = YES;
				CLANG_WARN_BOOL_CONVERSION = YES;
				CLANG_WARN_COMMA = YES;
				CLANG_WARN_CONSTANT_CONVERSION = YES;
				CLANG_WARN_DEPRECATED_OBJC_IMPLEMENTATIONS = YES;
				CLANG_WARN_DIRECT_OBJC_ISA_USAGE = YES_ERROR;
				CLANG_WARN_DOCUMENTATION_COMMENTS = YES;
				CLANG_WARN_EMPTY_BODY = YES;
				CLANG_WARN_ENUM_CONVERSION = YES;
				CLANG_WARN_INFINITE_RECURSION = YES;
				CLANG_WARN_INT_CONVERSION = YES;
				CLANG_WARN_NON_LITERAL_NULL_CONVERSION = YES;
				CLANG_WARN_OBJC_IMPLICIT_RETAIN_SELF = YES;
				CLANG_WARN_OBJC_LITERAL_CONVERSION = YES;
				CLANG_WARN_OBJC_ROOT_CLASS = YES_ERROR;
				CLANG_WARN_QUOTED_INCLUDE_IN_FRAMEWORK_HEADER = YES;
				CLANG_WARN_RANGE_LOOP_ANALYSIS = YES;
				CLANG_WARN_STRICT_PROTOTYPES = YES;
				CLANG_WARN_SUSPICIOUS_MOVE = YES;
				CLANG_WARN_UNGUARDED_AVAILABILITY = YES_AGGRESSIVE;
				CLANG_WARN_UNREACHABLE_CODE = YES;
				CLANG_WARN__DUPLICATE_METHOD_MATCH = YES;
				COPY_PHASE_STRIP = NO;
				DEBUG_INFORMATION_FORMAT = dwarf;
				ENABLE_STRICT_OBJC_MSGSEND = YES;
				ENABLE_TESTABILITY = YES;
				GCC_C_LANGUAGE_STANDARD = gnu11;
				GCC_DYNAMIC_NO_PIC = NO;
				GCC_NO_COMMON_BLOCKS = YES;
				GCC_OPTIMIZATION_LEVEL = 0;
				GCC_PREPROCESSOR_DEFINITIONS = (
					"DEBUG=1",
					"$(inherited)",
				);
				GCC_WARN_64_TO_32_BIT_CONVERSION = YES;
				GCC_WARN_ABOUT_RETURN_TYPE = YES_ERROR;
				GCC_WARN_UNDECLARED_SELECTOR = YES;
				GCC_WARN_UNINITIALIZED_AUTOS = YES_AGGRESSIVE;
				GCC_WARN_UNUSED_FUNCTION = YES;
				GCC_WARN_UNUSED_VARIABLE = YES;
				IPHONEOS_DEPLOYMENT_TARGET = 10.0;
				MTL_ENABLE_DEBUG_INFO = INCLUDE_SOURCE;
				MTL_FAST_MATH = YES;
				ONLY_ACTIVE_ARCH = YES;
				SDKROOT = iphoneos;
				SWIFT_ACTIVE_COMPILATION_CONDITIONS = DEBUG;
				SWIFT_OPTIMIZATION_LEVEL = "-Onone";
			};
			name = Debug;
		};
		3320FECC2682E4ED001809AA /* Release */ = {
			isa = XCBuildConfiguration;
			buildSettings = {
				ALWAYS_SEARCH_USER_PATHS = NO;
				CLANG_ANALYZER_NONNULL = YES;
				CLANG_ANALYZER_NUMBER_OBJECT_CONVERSION = YES_AGGRESSIVE;
				CLANG_CXX_LANGUAGE_STANDARD = "gnu++14";
				CLANG_CXX_LIBRARY = "libc++";
				CLANG_ENABLE_MODULES = YES;
				CLANG_ENABLE_OBJC_ARC = YES;
				CLANG_ENABLE_OBJC_WEAK = YES;
				CLANG_WARN_BLOCK_CAPTURE_AUTORELEASING = YES;
				CLANG_WARN_BOOL_CONVERSION = YES;
				CLANG_WARN_COMMA = YES;
				CLANG_WARN_CONSTANT_CONVERSION = YES;
				CLANG_WARN_DEPRECATED_OBJC_IMPLEMENTATIONS = YES;
				CLANG_WARN_DIRECT_OBJC_ISA_USAGE = YES_ERROR;
				CLANG_WARN_DOCUMENTATION_COMMENTS = YES;
				CLANG_WARN_EMPTY_BODY = YES;
				CLANG_WARN_ENUM_CONVERSION = YES;
				CLANG_WARN_INFINITE_RECURSION = YES;
				CLANG_WARN_INT_CONVERSION = YES;
				CLANG_WARN_NON_LITERAL_NULL_CONVERSION = YES;
				CLANG_WARN_OBJC_IMPLICIT_RETAIN_SELF = YES;
				CLANG_WARN_OBJC_LITERAL_CONVERSION = YES;
				CLANG_WARN_OBJC_ROOT_CLASS = YES_ERROR;
				CLANG_WARN_QUOTED_INCLUDE_IN_FRAMEWORK_HEADER = YES;
				CLANG_WARN_RANGE_LOOP_ANALYSIS = YES;
				CLANG_WARN_STRICT_PROTOTYPES = YES;
				CLANG_WARN_SUSPICIOUS_MOVE = YES;
				CLANG_WARN_UNGUARDED_AVAILABILITY = YES_AGGRESSIVE;
				CLANG_WARN_UNREACHABLE_CODE = YES;
				CLANG_WARN__DUPLICATE_METHOD_MATCH = YES;
				COPY_PHASE_STRIP = NO;
				DEBUG_INFORMATION_FORMAT = "dwarf-with-dsym";
				ENABLE_NS_ASSERTIONS = NO;
				ENABLE_STRICT_OBJC_MSGSEND = YES;
				GCC_C_LANGUAGE_STANDARD = gnu11;
				GCC_NO_COMMON_BLOCKS = YES;
				GCC_WARN_64_TO_32_BIT_CONVERSION = YES;
				GCC_WARN_ABOUT_RETURN_TYPE = YES_ERROR;
				GCC_WARN_UNDECLARED_SELECTOR = YES;
				GCC_WARN_UNINITIALIZED_AUTOS = YES_AGGRESSIVE;
				GCC_WARN_UNUSED_FUNCTION = YES;
				GCC_WARN_UNUSED_VARIABLE = YES;
				IPHONEOS_DEPLOYMENT_TARGET = 10.0;
				MTL_ENABLE_DEBUG_INFO = NO;
				MTL_FAST_MATH = YES;
				SDKROOT = iphoneos;
				SWIFT_COMPILATION_MODE = wholemodule;
				SWIFT_OPTIMIZATION_LEVEL = "-O";
				VALIDATE_PRODUCT = YES;
			};
			name = Release;
		};
		3320FECE2682E4ED001809AA /* Debug */ = {
			isa = XCBuildConfiguration;
			buildSettings = {
				ASSETCATALOG_COMPILER_APPICON_NAME = AppIcon;
				ASSETCATALOG_COMPILER_GLOBAL_ACCENT_COLOR_NAME = AccentColor;
				CODE_SIGN_STYLE = Automatic;
				DEVELOPMENT_TEAM = 2PFLFZZ6ZC;
				INFOPLIST_FILE = MTGamificationF/Info.plist;
				LD_RUNPATH_SEARCH_PATHS = (
					"$(inherited)",
					"@executable_path/Frameworks",
				);
				PRODUCT_BUNDLE_IDENTIFIER = Indosat;
				PRODUCT_NAME = "$(TARGET_NAME)";
				SWIFT_VERSION = 5.0;
				TARGETED_DEVICE_FAMILY = 1;
			};
			name = Debug;
		};
		3320FECF2682E4ED001809AA /* Release */ = {
			isa = XCBuildConfiguration;
			buildSettings = {
				ASSETCATALOG_COMPILER_APPICON_NAME = AppIcon;
				ASSETCATALOG_COMPILER_GLOBAL_ACCENT_COLOR_NAME = AccentColor;
				CODE_SIGN_STYLE = Automatic;
				DEVELOPMENT_TEAM = 2PFLFZZ6ZC;
				INFOPLIST_FILE = MTGamificationF/Info.plist;
				LD_RUNPATH_SEARCH_PATHS = (
					"$(inherited)",
					"@executable_path/Frameworks",
				);
				PRODUCT_BUNDLE_IDENTIFIER = Indosat;
				PRODUCT_NAME = "$(TARGET_NAME)";
				SWIFT_VERSION = 5.0;
				TARGETED_DEVICE_FAMILY = 1;
			};
			name = Release;
		};
/* End XCBuildConfiguration section */

/* Begin XCConfigurationList section */
		3320FEB42682E4EB001809AA /* Build configuration list for PBXProject "MTGamificationF" */ = {
			isa = XCConfigurationList;
			buildConfigurations = (
				3320FECB2682E4ED001809AA /* Debug */,
				3320FECC2682E4ED001809AA /* Release */,
			);
			defaultConfigurationIsVisible = 0;
			defaultConfigurationName = Release;
		};
		3320FECD2682E4ED001809AA /* Build configuration list for PBXNativeTarget "MTGamificationF" */ = {
			isa = XCConfigurationList;
			buildConfigurations = (
				3320FECE2682E4ED001809AA /* Debug */,
				3320FECF2682E4ED001809AA /* Release */,
			);
			defaultConfigurationIsVisible = 0;
			defaultConfigurationName = Release;
		};
/* End XCConfigurationList section */
	};
	rootObject = 3320FEB12682E4EB001809AA /* Project object */;
}
